// !$*UTF8*$!
{
	archiveVersion = 1;
	classes = {
	};
	objectVersion = 55;
	objects = {

/* Begin PBXBuildFile section */
		84569F8F27FF758C00495F81 /* text&SecField.swift in Sources */ = {isa = PBXBuildFile; fileRef = 84569F8E27FF758C00495F81 /* text&SecField.swift */; };
		847EEC0F280081A100403868 /* datepickerExample.swift in Sources */ = {isa = PBXBuildFile; fileRef = 847EEC0E280081A100403868 /* datepickerExample.swift */; };
		847EEC112800881B00403868 /* colorPickerExample.swift in Sources */ = {isa = PBXBuildFile; fileRef = 847EEC102800881B00403868 /* colorPickerExample.swift */; };
		847EEC132800BD6B00403868 /* progressViewExample.swift in Sources */ = {isa = PBXBuildFile; fileRef = 847EEC122800BD6B00403868 /* progressViewExample.swift */; };
		847EEC152800C22900403868 /* linksExample.swift in Sources */ = {isa = PBXBuildFile; fileRef = 847EEC142800C22900403868 /* linksExample.swift */; };
		847F05BA27FF247F00175093 /* Tabs.swift in Sources */ = {isa = PBXBuildFile; fileRef = 847F05B927FF247F00175093 /* Tabs.swift */; };
		8494809B27FF165900B3D558 /* swiftUIViewsApp.swift in Sources */ = {isa = PBXBuildFile; fileRef = 8494809A27FF165900B3D558 /* swiftUIViewsApp.swift */; };
		8494809D27FF165900B3D558 /* ContentView.swift in Sources */ = {isa = PBXBuildFile; fileRef = 8494809C27FF165900B3D558 /* ContentView.swift */; };
		8494809F27FF165C00B3D558 /* Assets.xcassets in Resources */ = {isa = PBXBuildFile; fileRef = 8494809E27FF165C00B3D558 /* Assets.xcassets */; };
		849480A227FF165C00B3D558 /* Preview Assets.xcassets in Resources */ = {isa = PBXBuildFile; fileRef = 849480A127FF165C00B3D558 /* Preview Assets.xcassets */; };
		849480AB27FF194C00B3D558 /* textModifiers.swift in Sources */ = {isa = PBXBuildFile; fileRef = 849480AA27FF194C00B3D558 /* textModifiers.swift */; };
		849C792B2800774600822511 /* TextEditor.swift in Sources */ = {isa = PBXBuildFile; fileRef = 849C792A2800774600822511 /* TextEditor.swift */; };
/* End PBXBuildFile section */

/* Begin PBXFileReference section */
		84569F8E27FF758C00495F81 /* text&SecField.swift */ = {isa = PBXFileReference; lastKnownFileType = sourcecode.swift; path = "text&SecField.swift"; sourceTree = "<group>"; };
		847EEC0E280081A100403868 /* datepickerExample.swift */ = {isa = PBXFileReference; lastKnownFileType = sourcecode.swift; path = datepickerExample.swift; sourceTree = "<group>"; };
		847EEC102800881B00403868 /* colorPickerExample.swift */ = {isa = PBXFileReference; lastKnownFileType = sourcecode.swift; path = colorPickerExample.swift; sourceTree = "<group>"; };
		847EEC122800BD6B00403868 /* progressViewExample.swift */ = {isa = PBXFileReference; lastKnownFileType = sourcecode.swift; path = progressViewExample.swift; sourceTree = "<group>"; };
		847EEC142800C22900403868 /* linksExample.swift */ = {isa = PBXFileReference; lastKnownFileType = sourcecode.swift; path = linksExample.swift; sourceTree = "<group>"; };
		847F05B927FF247F00175093 /* Tabs.swift */ = {isa = PBXFileReference; lastKnownFileType = sourcecode.swift; path = Tabs.swift; sourceTree = "<group>"; };
		8494809727FF165900B3D558 /* swiftUIViews.app */ = {isa = PBXFileReference; explicitFileType = wrapper.application; includeInIndex = 0; path = swiftUIViews.app; sourceTree = BUILT_PRODUCTS_DIR; };
		8494809A27FF165900B3D558 /* swiftUIViewsApp.swift */ = {isa = PBXFileReference; lastKnownFileType = sourcecode.swift; path = swiftUIViewsApp.swift; sourceTree = "<group>"; };
		8494809C27FF165900B3D558 /* ContentView.swift */ = {isa = PBXFileReference; lastKnownFileType = sourcecode.swift; path = ContentView.swift; sourceTree = "<group>"; };
		8494809E27FF165C00B3D558 /* Assets.xcassets */ = {isa = PBXFileReference; lastKnownFileType = folder.assetcatalog; path = Assets.xcassets; sourceTree = "<group>"; };
		849480A127FF165C00B3D558 /* Preview Assets.xcassets */ = {isa = PBXFileReference; lastKnownFileType = folder.assetcatalog; path = "Preview Assets.xcassets"; sourceTree = "<group>"; };
		849480AA27FF194C00B3D558 /* textModifiers.swift */ = {isa = PBXFileReference; lastKnownFileType = sourcecode.swift; path = textModifiers.swift; sourceTree = "<group>"; };
		849C792A2800774600822511 /* TextEditor.swift */ = {isa = PBXFileReference; lastKnownFileType = sourcecode.swift; path = TextEditor.swift; sourceTree = "<group>"; };
/* End PBXFileReference section */

/* Begin PBXFrameworksBuildPhase section */
		8494809427FF165900B3D558 /* Frameworks */ = {
			isa = PBXFrameworksBuildPhase;
			buildActionMask = 2147483647;
			files = (
			);
			runOnlyForDeploymentPostprocessing = 0;
		};
/* End PBXFrameworksBuildPhase section */

/* Begin PBXGroup section */
		8494808E27FF165900B3D558 = {
			isa = PBXGroup;
			children = (
				8494809927FF165900B3D558 /* swiftUIViews */,
				8494809827FF165900B3D558 /* Products */,
			);
			sourceTree = "<group>";
		};
		8494809827FF165900B3D558 /* Products */ = {
			isa = PBXGroup;
			children = (
				8494809727FF165900B3D558 /* swiftUIViews.app */,
			);
			name = Products;
			sourceTree = "<group>";
		};
		8494809927FF165900B3D558 /* swiftUIViews */ = {
			isa = PBXGroup;
			children = (
				8494809A27FF165900B3D558 /* swiftUIViewsApp.swift */,
				8494809C27FF165900B3D558 /* ContentView.swift */,
				847EEC122800BD6B00403868 /* progressViewExample.swift */,
				847EEC142800C22900403868 /* linksExample.swift */,
				847EEC102800881B00403868 /* colorPickerExample.swift */,
				847EEC0E280081A100403868 /* datepickerExample.swift */,
				849C792A2800774600822511 /* TextEditor.swift */,
				84569F8E27FF758C00495F81 /* text&SecField.swift */,
				847F05B927FF247F00175093 /* Tabs.swift */,
				849480AA27FF194C00B3D558 /* textModifiers.swift */,
				8494809E27FF165C00B3D558 /* Assets.xcassets */,
				849480A027FF165C00B3D558 /* Preview Content */,
			);
			path = swiftUIViews;
			sourceTree = "<group>";
		};
		849480A027FF165C00B3D558 /* Preview Content */ = {
			isa = PBXGroup;
			children = (
				849480A127FF165C00B3D558 /* Preview Assets.xcassets */,
			);
			path = "Preview Content";
			sourceTree = "<group>";
		};
/* End PBXGroup section */

/* Begin PBXNativeTarget section */
		8494809627FF165900B3D558 /* swiftUIViews */ = {
			isa = PBXNativeTarget;
			buildConfigurationList = 849480A527FF165C00B3D558 /* Build configuration list for PBXNativeTarget "swiftUIViews" */;
			buildPhases = (
				8494809327FF165900B3D558 /* Sources */,
				8494809427FF165900B3D558 /* Frameworks */,
				8494809527FF165900B3D558 /* Resources */,
			);
			buildRules = (
			);
			dependencies = (
			);
			name = swiftUIViews;
			productName = swiftUIViews;
			productReference = 8494809727FF165900B3D558 /* swiftUIViews.app */;
			productType = "com.apple.product-type.application";
		};
/* End PBXNativeTarget section */

/* Begin PBXProject section */
		8494808F27FF165900B3D558 /* Project object */ = {
			isa = PBXProject;
			attributes = {
				BuildIndependentTargetsInParallel = 1;
				LastSwiftUpdateCheck = 1330;
				LastUpgradeCheck = 1330;
				TargetAttributes = {
					8494809627FF165900B3D558 = {
						CreatedOnToolsVersion = 13.3;
					};
				};
			};
			buildConfigurationList = 8494809227FF165900B3D558 /* Build configuration list for PBXProject "swiftUIViews" */;
			compatibilityVersion = "Xcode 13.0";
			developmentRegion = en;
			hasScannedForEncodings = 0;
			knownRegions = (
				en,
				Base,
			);
			mainGroup = 8494808E27FF165900B3D558;
			productRefGroup = 8494809827FF165900B3D558 /* Products */;
			projectDirPath = "";
			projectRoot = "";
			targets = (
				8494809627FF165900B3D558 /* swiftUIViews */,
			);
		};
/* End PBXProject section */

/* Begin PBXResourcesBuildPhase section */
		8494809527FF165900B3D558 /* Resources */ = {
			isa = PBXResourcesBuildPhase;
			buildActionMask = 2147483647;
			files = (
				849480A227FF165C00B3D558 /* Preview Assets.xcassets in Resources */,
				8494809F27FF165C00B3D558 /* Assets.xcassets in Resources */,
			);
			runOnlyForDeploymentPostprocessing = 0;
		};
/* End PBXResourcesBuildPhase section */

/* Begin PBXSourcesBuildPhase section */
		8494809327FF165900B3D558 /* Sources */ = {
			isa = PBXSourcesBuildPhase;
			buildActionMask = 2147483647;
			files = (
				849480AB27FF194C00B3D558 /* textModifiers.swift in Sources */,
				849C792B2800774600822511 /* TextEditor.swift in Sources */,
				847EEC0F280081A100403868 /* datepickerExample.swift in Sources */,
				8494809D27FF165900B3D558 /* ContentView.swift in Sources */,
				847EEC152800C22900403868 /* linksExample.swift in Sources */,
				847EEC132800BD6B00403868 /* progressViewExample.swift in Sources */,
				847EEC112800881B00403868 /* colorPickerExample.swift in Sources */,
				8494809B27FF165900B3D558 /* swiftUIViewsApp.swift in Sources */,
				847F05BA27FF247F00175093 /* Tabs.swift in Sources */,
				84569F8F27FF758C00495F81 /* text&SecField.swift in Sources */,
			);
			runOnlyForDeploymentPostprocessing = 0;
		};
/* End PBXSourcesBuildPhase section */

/* Begin XCBuildConfiguration section */
		849480A327FF165C00B3D558 /* Debug */ = {
			isa = XCBuildConfiguration;
			buildSettings = {
				ALWAYS_SEARCH_USER_PATHS = NO;
				CLANG_ANALYZER_NONNULL = YES;
				CLANG_ANALYZER_NUMBER_OBJECT_CONVERSION = YES_AGGRESSIVE;
				CLANG_CXX_LANGUAGE_STANDARD = "gnu++17";
				CLANG_ENABLE_MODULES = YES;
				CLANG_ENABLE_OBJC_ARC = YES;
				CLANG_ENABLE_OBJC_WEAK = YES;
				CLANG_WARN_BLOCK_CAPTURE_AUTORELEASING = YES;
				CLANG_WARN_BOOL_CONVERSION = YES;
				CLANG_WARN_COMMA = YES;
				CLANG_WARN_CONSTANT_CONVERSION = YES;
				CLANG_WARN_DEPRECATED_OBJC_IMPLEMENTATIONS = YES;
				CLANG_WARN_DIRECT_OBJC_ISA_USAGE = YES_ERROR;
				CLANG_WARN_DOCUMENTATION_COMMENTS = YES;
				CLANG_WARN_EMPTY_BODY = YES;
				CLANG_WARN_ENUM_CONVERSION = YES;
				CLANG_WARN_INFINITE_RECURSION = YES;
				CLANG_WARN_INT_CONVERSION = YES;
				CLANG_WARN_NON_LITERAL_NULL_CONVERSION = YES;
				CLANG_WARN_OBJC_IMPLICIT_RETAIN_SELF = YES;
				CLANG_WARN_OBJC_LITERAL_CONVERSION = YES;
				CLANG_WARN_OBJC_ROOT_CLASS = YES_ERROR;
				CLANG_WARN_QUOTED_INCLUDE_IN_FRAMEWORK_HEADER = YES;
				CLANG_WARN_RANGE_LOOP_ANALYSIS = YES;
				CLANG_WARN_STRICT_PROTOTYPES = YES;
				CLANG_WARN_SUSPICIOUS_MOVE = YES;
				CLANG_WARN_UNGUARDED_AVAILABILITY = YES_AGGRESSIVE;
				CLANG_WARN_UNREACHABLE_CODE = YES;
				CLANG_WARN__DUPLICATE_METHOD_MATCH = YES;
				COPY_PHASE_STRIP = NO;
				DEBUG_INFORMATION_FORMAT = dwarf;
				ENABLE_STRICT_OBJC_MSGSEND = YES;
				ENABLE_TESTABILITY = YES;
				GCC_C_LANGUAGE_STANDARD = gnu11;
				GCC_DYNAMIC_NO_PIC = NO;
				GCC_NO_COMMON_BLOCKS = YES;
				GCC_OPTIMIZATION_LEVEL = 0;
				GCC_PREPROCESSOR_DEFINITIONS = (
					"DEBUG=1",
					"$(inherited)",
				);
				GCC_WARN_64_TO_32_BIT_CONVERSION = YES;
				GCC_WARN_ABOUT_RETURN_TYPE = YES_ERROR;
				GCC_WARN_UNDECLARED_SELECTOR = YES;
				GCC_WARN_UNINITIALIZED_AUTOS = YES_AGGRESSIVE;
				GCC_WARN_UNUSED_FUNCTION = YES;
				GCC_WARN_UNUSED_VARIABLE = YES;
				IPHONEOS_DEPLOYMENT_TARGET = 15.4;
				MTL_ENABLE_DEBUG_INFO = INCLUDE_SOURCE;
				MTL_FAST_MATH = YES;
				ONLY_ACTIVE_ARCH = YES;
				SDKROOT = iphoneos;
				SWIFT_ACTIVE_COMPILATION_CONDITIONS = DEBUG;
				SWIFT_OPTIMIZATION_LEVEL = "-Onone";
			};
			name = Debug;
		};
		849480A427FF165C00B3D558 /* Release */ = {
			isa = XCBuildConfiguration;
			buildSettings = {
				ALWAYS_SEARCH_USER_PATHS = NO;
				CLANG_ANALYZER_NONNULL = YES;
				CLANG_ANALYZER_NUMBER_OBJECT_CONVERSION = YES_AGGRESSIVE;
				CLANG_CXX_LANGUAGE_STANDARD = "gnu++17";
				CLANG_ENABLE_MODULES = YES;
				CLANG_ENABLE_OBJC_ARC = YES;
				CLANG_ENABLE_OBJC_WEAK = YES;
				CLANG_WARN_BLOCK_CAPTURE_AUTORELEASING = YES;
				CLANG_WARN_BOOL_CONVERSION = YES;
				CLANG_WARN_COMMA = YES;
				CLANG_WARN_CONSTANT_CONVERSION = YES;
				CLANG_WARN_DEPRECATED_OBJC_IMPLEMENTATIONS = YES;
				CLANG_WARN_DIRECT_OBJC_ISA_USAGE = YES_ERROR;
				CLANG_WARN_DOCUMENTATION_COMMENTS = YES;
				CLANG_WARN_EMPTY_BODY = YES;
				CLANG_WARN_ENUM_CONVERSION = YES;
				CLANG_WARN_INFINITE_RECURSION = YES;
				CLANG_WARN_INT_CONVERSION = YES;
				CLANG_WARN_NON_LITERAL_NULL_CONVERSION = YES;
				CLANG_WARN_OBJC_IMPLICIT_RETAIN_SELF = YES;
				CLANG_WARN_OBJC_LITERAL_CONVERSION = YES;
				CLANG_WARN_OBJC_ROOT_CLASS = YES_ERROR;
				CLANG_WARN_QUOTED_INCLUDE_IN_FRAMEWORK_HEADER = YES;
				CLANG_WARN_RANGE_LOOP_ANALYSIS = YES;
				CLANG_WARN_STRICT_PROTOTYPES = YES;
				CLANG_WARN_SUSPICIOUS_MOVE = YES;
				CLANG_WARN_UNGUARDED_AVAILABILITY = YES_AGGRESSIVE;
				CLANG_WARN_UNREACHABLE_CODE = YES;
				CLANG_WARN__DUPLICATE_METHOD_MATCH = YES;
				COPY_PHASE_STRIP = NO;
				DEBUG_INFORMATION_FORMAT = "dwarf-with-dsym";
				ENABLE_NS_ASSERTIONS = NO;
				ENABLE_STRICT_OBJC_MSGSEND = YES;
				GCC_C_LANGUAGE_STANDARD = gnu11;
				GCC_NO_COMMON_BLOCKS = YES;
				GCC_WARN_64_TO_32_BIT_CONVERSION = YES;
				GCC_WARN_ABOUT_RETURN_TYPE = YES_ERROR;
				GCC_WARN_UNDECLARED_SELECTOR = YES;
				GCC_WARN_UNINITIALIZED_AUTOS = YES_AGGRESSIVE;
				GCC_WARN_UNUSED_FUNCTION = YES;
				GCC_WARN_UNUSED_VARIABLE = YES;
				IPHONEOS_DEPLOYMENT_TARGET = 15.4;
				MTL_ENABLE_DEBUG_INFO = NO;
				MTL_FAST_MATH = YES;
				SDKROOT = iphoneos;
				SWIFT_COMPILATION_MODE = wholemodule;
				SWIFT_OPTIMIZATION_LEVEL = "-O";
				VALIDATE_PRODUCT = YES;
			};
			name = Release;
		};
		849480A627FF165C00B3D558 /* Debug */ = {
			isa = XCBuildConfiguration;
			buildSettings = {
				ASSETCATALOG_COMPILER_APPICON_NAME = AppIcon;
				ASSETCATALOG_COMPILER_GLOBAL_ACCENT_COLOR_NAME = AccentColor;
				CODE_SIGN_STYLE = Automatic;
				CURRENT_PROJECT_VERSION = 1;
				DEVELOPMENT_ASSET_PATHS = "\"swiftUIViews/Preview Content\"";
				DEVELOPMENT_TEAM = TX3WAVR9MU;
				ENABLE_PREVIEWS = YES;
				GENERATE_INFOPLIST_FILE = YES;
				INFOPLIST_KEY_UIApplicationSceneManifest_Generation = YES;
				INFOPLIST_KEY_UIApplicationSupportsIndirectInputEvents = YES;
				INFOPLIST_KEY_UILaunchScreen_Generation = YES;
				INFOPLIST_KEY_UISupportedInterfaceOrientations_iPad = "UIInterfaceOrientationPortrait UIInterfaceOrientationPortraitUpsideDown UIInterfaceOrientationLandscapeLeft UIInterfaceOrientationLandscapeRight";
				INFOPLIST_KEY_UISupportedInterfaceOrientations_iPhone = "UIInterfaceOrientationPortrait UIInterfaceOrientationLandscapeLeft UIInterfaceOrientationLandscapeRight";
				LD_RUNPATH_SEARCH_PATHS = (
					"$(inherited)",
					"@executable_path/Frameworks",
				);
				MARKETING_VERSION = 1.0;
				PRODUCT_BUNDLE_IDENTIFIER = com.Luiggy102.swiftUIViews;
				PRODUCT_NAME = "$(TARGET_NAME)";
				SWIFT_EMIT_LOC_STRINGS = YES;
				SWIFT_VERSION = 5.0;
				TARGETED_DEVICE_FAMILY = "1,2";
			};
			name = Debug;
		};
		849480A727FF165C00B3D558 /* Release */ = {
			isa = XCBuildConfiguration;
			buildSettings = {
				ASSETCATALOG_COMPILER_APPICON_NAME = AppIcon;
				ASSETCATALOG_COMPILER_GLOBAL_ACCENT_COLOR_NAME = AccentColor;
				CODE_SIGN_STYLE = Automatic;
				CURRENT_PROJECT_VERSION = 1;
				DEVELOPMENT_ASSET_PATHS = "\"swiftUIViews/Preview Content\"";
				DEVELOPMENT_TEAM = TX3WAVR9MU;
				ENABLE_PREVIEWS = YES;
				GENERATE_INFOPLIST_FILE = YES;
				INFOPLIST_KEY_UIApplicationSceneManifest_Generation = YES;
				INFOPLIST_KEY_UIApplicationSupportsIndirectInputEvents = YES;
				INFOPLIST_KEY_UILaunchScreen_Generation = YES;
				INFOPLIST_KEY_UISupportedInterfaceOrientations_iPad = "UIInterfaceOrientationPortrait UIInterfaceOrientationPortraitUpsideDown UIInterfaceOrientationLandscapeLeft UIInterfaceOrientationLandscapeRight";
				INFOPLIST_KEY_UISupportedInterfaceOrientations_iPhone = "UIInterfaceOrientationPortrait UIInterfaceOrientationLandscapeLeft UIInterfaceOrientationLandscapeRight";
				LD_RUNPATH_SEARCH_PATHS = (
					"$(inherited)",
					"@executable_path/Frameworks",
				);
				MARKETING_VERSION = 1.0;
				PRODUCT_BUNDLE_IDENTIFIER = com.Luiggy102.swiftUIViews;
				PRODUCT_NAME = "$(TARGET_NAME)";
				SWIFT_EMIT_LOC_STRINGS = YES;
				SWIFT_VERSION = 5.0;
				TARGETED_DEVICE_FAMILY = "1,2";
			};
			name = Release;
		};
/* End XCBuildConfiguration section */

/* Begin XCConfigurationList section */
		8494809227FF165900B3D558 /* Build configuration list for PBXProject "swiftUIViews" */ = {
			isa = XCConfigurationList;
			buildConfigurations = (
				849480A327FF165C00B3D558 /* Debug */,
				849480A427FF165C00B3D558 /* Release */,
			);
			defaultConfigurationIsVisible = 0;
			defaultConfigurationName = Release;
		};
		849480A527FF165C00B3D558 /* Build configuration list for PBXNativeTarget "swiftUIViews" */ = {
			isa = XCConfigurationList;
			buildConfigurations = (
				849480A627FF165C00B3D558 /* Debug */,
				849480A727FF165C00B3D558 /* Release */,
			);
			defaultConfigurationIsVisible = 0;
			defaultConfigurationName = Release;
		};
/* End XCConfigurationList section */
	};
	rootObject = 8494808F27FF165900B3D558 /* Project object */;
}
